<?xml version="1.0" encoding="utf-8"?>
<Project ToolsVersion="4.0" xmlns="http://schemas.microsoft.com/developer/msbuild/2003">
  <ItemGroup>
    <Filter Include="Source Files">
      <UniqueIdentifier>{4FC737F1-C7A5-4376-A066-2A32D752A2FF}</UniqueIdentifier>
      <Extensions>cpp;c;cc;cxx;c++;cppm;ixx;def;odl;idl;hpj;bat;asm;asmx</Extensions>
    </Filter>
    <Filter Include="Header Files">
      <UniqueIdentifier>{93995380-89BD-4b04-88EB-625FBE52EBFB}</UniqueIdentifier>
      <Extensions>h;hh;hpp;hxx;h++;hm;inl;inc;ipp;xsd</Extensions>
    </Filter>
    <Filter Include="Resource Files">
      <UniqueIdentifier>{67DA6AB6-F800-4c08-8B7A-83BB121AAD01}</UniqueIdentifier>
      <Extensions>rc;ico;cur;bmp;dlg;rc2;rct;bin;rgs;gif;jpg;jpeg;jpe;resx;tiff;tif;png;wav;mfcribbon-ms</Extensions>
    </Filter>
    <Filter Include="Source Files\Shaders">
      <UniqueIdentifier>{4cda66f7-c934-470f-8e77-c91e9e5999b6}</UniqueIdentifier>
    </Filter>
    <Filter Include="Source Files\Rulesets">
      <UniqueIdentifier>{ddf69c71-6153-485e-a88a-0d1bd2cb292d}</UniqueIdentifier>
    </Filter>
  </ItemGroup>
  <ItemGroup>
    <None Include="..\..\glut_window\glut_window\triangle_vertex.glsl">
      <Filter>Source Files\Shaders</Filter>
    </None>
    <None Include="..\..\glut_window\glut_window\triangle_frag.glsl">
      <Filter>Source Files\Shaders</Filter>
    </None>
  </ItemGroup>
  <ItemGroup>
    <ClCompile Include="Source\CellCanvas.cpp">
      <Filter>Source Files</Filter>
    </ClCompile>
    <ClCompile Include="Source\RenderWindow.cpp">
      <Filter>Source Files</Filter>
    </ClCompile>
    <ClCompile Include="Source\CellEditState.cpp">
      <Filter>Source Files</Filter>
    </ClCompile>
    <ClCompile Include="Source\CellNormalState.cpp">
      <Filter>Source Files</Filter>
    </ClCompile>
    <ClCompile Include="Source\CellState.cpp">
      <Filter>Source Files</Filter>
    </ClCompile>
    <ClCompile Include="Source\Platform\Windows\WinMain.cpp">
      <Filter>Source Files</Filter>
    </ClCompile>
    <ClCompile Include="Source\Rulesets\BriansBrainRuleSet.cpp">
      <Filter>Source Files\Rulesets</Filter>
    </ClCompile>
    <ClCompile Include="Source\Rulesets\DayAndNightRuleSet.cpp">
      <Filter>Source Files\Rulesets</Filter>
    </ClCompile>
    <ClCompile Include="Source\Rulesets\GameOfLifeRuleSet.cpp">
      <Filter>Source Files\Rulesets</Filter>
    </ClCompile>
    <ClCompile Include="Source\Rulesets\HighlifeRuleSet.cpp">
      <Filter>Source Files\Rulesets</Filter>
    </ClCompile>
    <ClCompile Include="Source\Rulesets\LifeWithoutDeathRuleSet.cpp">
      <Filter>Source Files\Rulesets</Filter>
    </ClCompile>
    <ClCompile Include="Source\Rulesets\SeedsRuleSet.cpp">
      <Filter>Source Files\Rulesets</Filter>
    </ClCompile>
    <ClCompile Include="Source\Rulesets\CellRuleSet.cpp">
      <Filter>Source Files\Rulesets</Filter>
    </ClCompile>
    <ClCompile Include="Source\RenderFont.cpp">
      <Filter>Source Files</Filter>
    </ClCompile>
  </ItemGroup>
  <ItemGroup>
    <ClInclude Include="Source\CellCanvas.h">
      <Filter>Source Files</Filter>
    </ClInclude>
    <ClInclude Include="Source\RenderWindow.h">
      <Filter>Source Files</Filter>
    </ClInclude>
    <ClInclude Include="Source\CellEditState.h">
      <Filter>Source Files</Filter>
    </ClInclude>
    <ClInclude Include="Source\CellNormalState.h">
      <Filter>Source Files</Filter>
    </ClInclude>
    <ClInclude Include="Source\CellState.h">
      <Filter>Source Files</Filter>
    </ClInclude>
    <ClInclude Include="Source\RenderContext.h">
      <Filter>Source Files</Filter>
    </ClInclude>
    <ClInclude Include="Source\AllSets.h">
      <Filter>Source Files</Filter>
    </ClInclude>
    <ClInclude Include="Source\MacroDefs.h">
      <Filter>Source Files</Filter>
    </ClInclude>
    <ClInclude Include="Source\BuildInfo.h">
      <Filter>Source Files</Filter>
    </ClInclude>
    <ClInclude Include="Source\Rulesets\BrainsBrainRuleSet.h">
      <Filter>Source Files\Rulesets</Filter>
    </ClInclude>
    <ClInclude Include="Source\Rulesets\DayAndNightRuleSet.h">
      <Filter>Source Files\Rulesets</Filter>
    </ClInclude>
    <ClInclude Include="Source\Rulesets\GameOfLifeRuleSet.h">
      <Filter>Source Files\Rulesets</Filter>
    </ClInclude>
    <ClInclude Include="Source\Rulesets\HighlifeRuleSet.h">
      <Filter>Source Files\Rulesets</Filter>
    </ClInclude>
    <ClInclude Include="Source\Rulesets\LifeWithoutDeathRuleSet.h">
      <Filter>Source Files\Rulesets</Filter>
    </ClInclude>
    <ClInclude Include="Source\Rulesets\SeedsRuleSet.h">
      <Filter>Source Files\Rulesets</Filter>
    </ClInclude>
    <ClInclude Include="Source\Rulesets\CellRuleSet.h">
      <Filter>Source Files\Rulesets</Filter>
    </ClInclude>
    <ClInclude Include="Source\RenderFont.h">
      <Filter>Source Files</Filter>
    </ClInclude>
  </ItemGroup>
</Project>